
Microsoft Visual Studio Solution File, Format Version 12.00
# Visual Studio Version 16
VisualStudioVersion = 16.0.29326.143
MinimumVisualStudioVersion = 10.0.40219.1
Project("{FAE04EC0-301F-11D3-BF4B-00C04F79EFBC}") = "DAL", "DAL\DAL.csproj", "{EAA7A261-D767-4BFA-A52E-EA9301754F47}"
EndProject
Global
	GlobalSection(SolutionConfigurationPlatforms) = preSolution
		Debug|Any CPU = Debug|Any CPU
		Release|Any CPU = Release|Any CPU
	EndGlobalSection
	GlobalSection(ProjectConfigurationPlatforms) = postSolution
		{EAA7A261-D767-4BFA-A52E-EA9301754F47}.Debug|Any CPU.ActiveCfg = Debug|Any CPU
		{EAA7A261-D767-4BFA-A52E-EA9301754F47}.Debug|Any CPU.Build.0 = Debug|Any CPU
		{EAA7A261-D767-4BFA-A52E-EA9301754F47}.Release|Any CPU.ActiveCfg = Release|Any CPU
		{EAA7A261-D767-4BFA-A52E-EA9301754F47}.Release|Any CPU.Build.0 = Release|Any CPU
	EndGlobalSection
	GlobalSection(SolutionProperties) = preSolution
		HideSolutionNode = FALSE
	EndGlobalSection
	GlobalSection(ExtensibilityGlobals) = postSolution
		SolutionGuid = {FA75BB6E-9D9A-4706-A43F-E705A228CC3C}
	EndGlobalSection
EndGlobal
