
Microsoft Visual Studio Solution File, Format Version 12.00
# Visual Studio Version 16
VisualStudioVersion = 16.0.29326.143
MinimumVisualStudioVersion = 10.0.40219.1
Project("{9A19103F-16F7-4668-BE54-9A1E7A4F7556}") = "DAL", "DAL\DAL.csproj", "{EAA7A261-D767-4BFA-A52E-EA9301754F47}"
EndProject
Project("{9A19103F-16F7-4668-BE54-9A1E7A4F7556}") = "DomainModel", "DomainModel\DomainModel.csproj", "{86906CDB-A0FD-45D0-82DE-E6C906E549E2}"
EndProject
Project("{9A19103F-16F7-4668-BE54-9A1E7A4F7556}") = "WPFApp", "WPFApp\WPFApp.csproj", "{3E0CD5A5-57D5-4906-8197-03F287EF60CA}"
EndProject
Project("{2150E333-8FDC-42A3-9474-1A3956D46DE8}") = "WPF", "WPF", "{C3FBF625-8B70-4D78-8535-FE0F4E37F0F6}"
EndProject
Project("{2150E333-8FDC-42A3-9474-1A3956D46DE8}") = "Data", "Data", "{F4B5B644-7A85-42F5-A3FC-D358E7FFEA55}"
EndProject
Project("{2150E333-8FDC-42A3-9474-1A3956D46DE8}") = "ASP", "ASP", "{B22E975F-4289-435C-B5C8-419706CBF197}"
EndProject
Project("{FAE04EC0-301F-11D3-BF4B-00C04F79EFBC}") = "WebAppManagement", "WebAppManagement\WebAppManagement.csproj", "{CD9B08CE-D5C2-45F3-AB77-7CA5AC2E88B7}"
EndProject
Project("{FAE04EC0-301F-11D3-BF4B-00C04F79EFBC}") = "ConsoleApp", "ConsoleApp\ConsoleApp.csproj", "{0C890770-0DAC-4A25-B2B2-DCBB9FC3F5B5}"
EndProject
Global
	GlobalSection(SolutionConfigurationPlatforms) = preSolution
		Debug|Any CPU = Debug|Any CPU
		Release|Any CPU = Release|Any CPU
	EndGlobalSection
	GlobalSection(ProjectConfigurationPlatforms) = postSolution
		{EAA7A261-D767-4BFA-A52E-EA9301754F47}.Debug|Any CPU.ActiveCfg = Debug|Any CPU
		{EAA7A261-D767-4BFA-A52E-EA9301754F47}.Debug|Any CPU.Build.0 = Debug|Any CPU
		{EAA7A261-D767-4BFA-A52E-EA9301754F47}.Release|Any CPU.ActiveCfg = Release|Any CPU
		{EAA7A261-D767-4BFA-A52E-EA9301754F47}.Release|Any CPU.Build.0 = Release|Any CPU
		{86906CDB-A0FD-45D0-82DE-E6C906E549E2}.Debug|Any CPU.ActiveCfg = Debug|Any CPU
		{86906CDB-A0FD-45D0-82DE-E6C906E549E2}.Debug|Any CPU.Build.0 = Debug|Any CPU
		{86906CDB-A0FD-45D0-82DE-E6C906E549E2}.Release|Any CPU.ActiveCfg = Release|Any CPU
		{86906CDB-A0FD-45D0-82DE-E6C906E549E2}.Release|Any CPU.Build.0 = Release|Any CPU
		{3E0CD5A5-57D5-4906-8197-03F287EF60CA}.Debug|Any CPU.ActiveCfg = Debug|Any CPU
		{3E0CD5A5-57D5-4906-8197-03F287EF60CA}.Debug|Any CPU.Build.0 = Debug|Any CPU
		{3E0CD5A5-57D5-4906-8197-03F287EF60CA}.Release|Any CPU.ActiveCfg = Release|Any CPU
		{3E0CD5A5-57D5-4906-8197-03F287EF60CA}.Release|Any CPU.Build.0 = Release|Any CPU
		{CD9B08CE-D5C2-45F3-AB77-7CA5AC2E88B7}.Debug|Any CPU.ActiveCfg = Debug|Any CPU
		{CD9B08CE-D5C2-45F3-AB77-7CA5AC2E88B7}.Debug|Any CPU.Build.0 = Debug|Any CPU
		{CD9B08CE-D5C2-45F3-AB77-7CA5AC2E88B7}.Release|Any CPU.ActiveCfg = Release|Any CPU
		{CD9B08CE-D5C2-45F3-AB77-7CA5AC2E88B7}.Release|Any CPU.Build.0 = Release|Any CPU
		{0C890770-0DAC-4A25-B2B2-DCBB9FC3F5B5}.Debug|Any CPU.ActiveCfg = Debug|Any CPU
		{0C890770-0DAC-4A25-B2B2-DCBB9FC3F5B5}.Debug|Any CPU.Build.0 = Debug|Any CPU
		{0C890770-0DAC-4A25-B2B2-DCBB9FC3F5B5}.Release|Any CPU.ActiveCfg = Release|Any CPU
		{0C890770-0DAC-4A25-B2B2-DCBB9FC3F5B5}.Release|Any CPU.Build.0 = Release|Any CPU
	EndGlobalSection
	GlobalSection(SolutionProperties) = preSolution
		HideSolutionNode = FALSE
	EndGlobalSection
	GlobalSection(NestedProjects) = preSolution
		{EAA7A261-D767-4BFA-A52E-EA9301754F47} = {F4B5B644-7A85-42F5-A3FC-D358E7FFEA55}
		{86906CDB-A0FD-45D0-82DE-E6C906E549E2} = {F4B5B644-7A85-42F5-A3FC-D358E7FFEA55}
		{3E0CD5A5-57D5-4906-8197-03F287EF60CA} = {C3FBF625-8B70-4D78-8535-FE0F4E37F0F6}
		{CD9B08CE-D5C2-45F3-AB77-7CA5AC2E88B7} = {B22E975F-4289-435C-B5C8-419706CBF197}
		{0C890770-0DAC-4A25-B2B2-DCBB9FC3F5B5} = {F4B5B644-7A85-42F5-A3FC-D358E7FFEA55}
	EndGlobalSection
	GlobalSection(ExtensibilityGlobals) = postSolution
		SolutionGuid = {FA75BB6E-9D9A-4706-A43F-E705A228CC3C}
	EndGlobalSection
EndGlobal
